
Microsoft Visual Studio Solution File, Format Version 12.00
# Visual Studio Version 16
VisualStudioVersion = 16.0.29215.179
MinimumVisualStudioVersion = 10.0.40219.1
Project("{FAE04EC0-301F-11D3-BF4B-00C04F79EFBC}") = "GreetingCardSummative", "GreetingCardSummative\GreetingCardSummative.csproj", "{22ED2AAC-5429-41ED-B28B-78F99D3B748D}"
EndProject
Global
	GlobalSection(SolutionConfigurationPlatforms) = preSolution
		Debug|Any CPU = Debug|Any CPU
		Release|Any CPU = Release|Any CPU
	EndGlobalSection
	GlobalSection(ProjectConfigurationPlatforms) = postSolution
		{22ED2AAC-5429-41ED-B28B-78F99D3B748D}.Debug|Any CPU.ActiveCfg = Debug|Any CPU
		{22ED2AAC-5429-41ED-B28B-78F99D3B748D}.Debug|Any CPU.Build.0 = Debug|Any CPU
		{22ED2AAC-5429-41ED-B28B-78F99D3B748D}.Release|Any CPU.ActiveCfg = Release|Any CPU
		{22ED2AAC-5429-41ED-B28B-78F99D3B748D}.Release|Any CPU.Build.0 = Release|Any CPU
	EndGlobalSection
	GlobalSection(SolutionProperties) = preSolution
		HideSolutionNode = FALSE
	EndGlobalSection
	GlobalSection(ExtensibilityGlobals) = postSolution
		SolutionGuid = {B7F6AE6E-E21F-4884-A143-55A024166949}
	EndGlobalSection
EndGlobal
